PODS:
  - AFNetworking (1.3.4)
  - AFOAuth1Client (0.3.3):
    - AFNetworking (~> 1.3)
  - Expecta (0.3.1)
  - OCMock (3.0.2)
  - OHHTTPStubs (3.1.0)
  - SSKeychain (1.2.2)
  - XNGAPIClient (0.4.0):
    - XNGAPIClient/Core (= 0.4.0)
  - XNGAPIClient/Core (0.4.0):
    - AFNetworking (~> 1.3.0)
    - AFOAuth1Client (~> 0.3.1)
    - SSKeychain (~> 1.2.0)

DEPENDENCIES:
  - Expecta
  - OCMock
  - OHHTTPStubs (= 3.1.0)
  - XNGAPIClient (from `../XNGAPIClient.podspec`)

EXTERNAL SOURCES:
  XNGAPIClient:
    :path: ../XNGAPIClient.podspec

SPEC CHECKSUMS:
  AFNetworking: 89a2479c490ac980901126b484cb3180b11bf5eb
  AFOAuth1Client: a36a6a90083063d1594be0b368aa04d367cb4b6d
  Expecta: e9dfd3ebf3a05e54016dc5b9f20a1c088a3e32fb
  OCMock: 306505dbebc2c51055fe5c519d313c5022b6fb94
  OHHTTPStubs: 6101a11b6dfd4e820d5d6ca3775482b9f543b43a
  SSKeychain: 915e70bf098131ed3c965087d95bebe01f66b2f8
  XNGAPIClient: ef5fa94f587a5d8900330033c69bfd9e375eabf4

COCOAPODS: 0.35.0
