PODS:
  - AFNetworking (2.5.0):
    - AFNetworking/NSURLConnection (= 2.5.0)
    - AFNetworking/NSURLSession (= 2.5.0)
    - AFNetworking/Reachability (= 2.5.0)
    - AFNetworking/Security (= 2.5.0)
    - AFNetworking/Serialization (= 2.5.0)
    - AFNetworking/UIKit (= 2.5.0)
  - AFNetworking/NSURLConnection (2.5.0):
    - AFNetworking/Reachability
    - AFNetworking/Security
    - AFNetworking/Serialization
  - AFNetworking/NSURLSession (2.5.0):
    - AFNetworking/Reachability
    - AFNetworking/Security
    - AFNetworking/Serialization
  - AFNetworking/Reachability (2.5.0)
  - AFNetworking/Security (2.5.0)
  - AFNetworking/Serialization (2.5.0)
  - AFNetworking/UIKit (2.5.0):
    - AFNetworking/NSURLConnection
    - AFNetworking/NSURLSession
  - Expecta (0.3.1)
  - OCMock (3.1.1)
  - OHHTTPStubs (3.1.0)
  - SSKeychain (1.2.2)
  - XNGAPIClient (0.4.0):
    - XNGAPIClient/Core (= 0.4.0)
  - XNGAPIClient/Core (0.4.0):
    - SSKeychain (~> 1.2.0)
    - XNGOAuth1Client (~> 1.0.0)
  - XNGOAuth1Client (1.0.0):
    - AFNetworking (~> 2.0)

DEPENDENCIES:
  - Expecta
  - OCMock
  - OHHTTPStubs (= 3.1.0)
  - XNGAPIClient (from `../XNGAPIClient.podspec`)

EXTERNAL SOURCES:
  XNGAPIClient:
    :path: ../XNGAPIClient.podspec

SPEC CHECKSUMS:
  AFNetworking: 0f54cb5d16ce38c1b76948faffb8d5fb705021c7
  Expecta: 03aabd0a89d8dea843baecb19a7fd7466a69a31d
  OCMock: f6cb8c162ab9d5620dddf411282c7b2c0ee78854
  OHHTTPStubs: 8b032ab399e356050010ed34613ee1761c6c8ae3
  SSKeychain: cc48bd3ad24fcd9125adb9e0d23dd50b8bbd08b9
  XNGAPIClient: df3066617f2fa1c166ff4bb1f05389c176e834ab
  XNGOAuth1Client: 98e8d268a06966f96932ba49d248ec59a54c56dc

COCOAPODS: 0.35.0
