PODS:
  - AFNetworking (2.5.4):
    - AFNetworking/NSURLConnection (= 2.5.4)
    - AFNetworking/NSURLSession (= 2.5.4)
    - AFNetworking/Reachability (= 2.5.4)
    - AFNetworking/Security (= 2.5.4)
    - AFNetworking/Serialization (= 2.5.4)
    - AFNetworking/UIKit (= 2.5.4)
  - AFNetworking/NSURLConnection (2.5.4):
    - AFNetworking/Reachability
    - AFNetworking/Security
    - AFNetworking/Serialization
  - AFNetworking/NSURLSession (2.5.4):
    - AFNetworking/Reachability
    - AFNetworking/Security
    - AFNetworking/Serialization
  - AFNetworking/Reachability (2.5.4)
  - AFNetworking/Security (2.5.4)
  - AFNetworking/Serialization (2.5.4)
  - AFNetworking/UIKit (2.5.4):
    - AFNetworking/NSURLConnection
    - AFNetworking/NSURLSession
  - Expecta (1.0.0)
  - OCMock (3.1.2)
  - OHHTTPStubs (3.1.0)
  - SSKeychain (1.2.3)
  - XNGAPIClient (2.0.0):
    - XNGAPIClient/Core (= 2.0.0)
  - XNGAPIClient/Core (2.0.0):
    - SSKeychain (~> 1.2.0)
    - XNGOAuth1Client (~> 2.0.0)
  - XNGOAuth1Client (2.0.1):
    - AFNetworking (~> 2.0)

DEPENDENCIES:
  - Expecta
  - OCMock
  - OHHTTPStubs (= 3.1.0)
  - XNGAPIClient (from `../XNGAPIClient.podspec`)

EXTERNAL SOURCES:
  XNGAPIClient:
    :path: "../XNGAPIClient.podspec"

SPEC CHECKSUMS:
  AFNetworking: 05edc0ac4c4c8cf57bcf4b84be5b0744b6d8e71e
  Expecta: 32604574add2c46a36f8d2f716b6c5736eb75024
  OCMock: a10ea9f0a6e921651f96f78b6faee95ebc813b92
  OHHTTPStubs: b7b9e6a5de5f324b7fafea4a5269ada5e4e156bc
  SSKeychain: 3f42991739c6c60a9cf1bbd4dff6c0d3694bcf3d
  XNGAPIClient: 1abe61a650a203583725bdbe04fc850689857109
  XNGOAuth1Client: 31e9b13bc313c7045503d06e89901798257a817b

COCOAPODS: 0.37.1
